// !$*UTF8*$!
{
	archiveVersion = 1;
	classes = {
	};
	objectVersion = 50;
	objects = {

/* Begin PBXBuildFile section */
		074BBEC525EF6FA000B46237 /* main.cpp in Sources */ = {isa = PBXBuildFile; fileRef = 074BBEC425EF6FA000B46237 /* main.cpp */; };
		7F018A6E2608D7CE009A0C5D /* MatrixTest.cpp in Sources */ = {isa = PBXBuildFile; fileRef = 7F018A6C2608D7CE009A0C5D /* MatrixTest.cpp */; };
		7F1DA83525F10DA80020CC28 /* ToyDatas.cpp in Sources */ = {isa = PBXBuildFile; fileRef = 7F1DA83325F10DA80020CC28 /* ToyDatas.cpp */; };
		7F3200B426107AC5003DD586 /* forward.cpp in Sources */ = {isa = PBXBuildFile; fileRef = 7F3200B226107AC5003DD586 /* forward.cpp */; };
		7F3200B926107B00003DD586 /* forwardtest.cpp in Sources */ = {isa = PBXBuildFile; fileRef = 7F3200B726107B00003DD586 /* forwardtest.cpp */; };
		7F92BDB6260D4309009D8BC0 /* TemplateTest.cpp in Sources */ = {isa = PBXBuildFile; fileRef = 7F92BDB4260D4309009D8BC0 /* TemplateTest.cpp */; };
		7FEB417A2607F871007458B9 /* main.cpp in Sources */ = {isa = PBXBuildFile; fileRef = 7FEB41792607F871007458B9 /* main.cpp */; };
		7FEB41822607F9B3007458B9 /* libgtest.a in Frameworks */ = {isa = PBXBuildFile; fileRef = 7FEB41812607F9A3007458B9 /* libgtest.a */; };
/* End PBXBuildFile section */

/* Begin PBXCopyFilesBuildPhase section */
		074BBEBF25EF6FA000B46237 /* CopyFiles */ = {
			isa = PBXCopyFilesBuildPhase;
			buildActionMask = 2147483647;
			dstPath = /usr/share/man/man1/;
			dstSubfolderSpec = 0;
			files = (
			);
			runOnlyForDeploymentPostprocessing = 1;
		};
		7FEB41752607F871007458B9 /* CopyFiles */ = {
			isa = PBXCopyFilesBuildPhase;
			buildActionMask = 2147483647;
			dstPath = /usr/share/man/man1/;
			dstSubfolderSpec = 0;
			files = (
			);
			runOnlyForDeploymentPostprocessing = 1;
		};
/* End PBXCopyFilesBuildPhase section */

/* Begin PBXFileReference section */
		074BBEC125EF6FA000B46237 /* autodiff */ = {isa = PBXFileReference; explicitFileType = "compiled.mach-o.executable"; includeInIndex = 0; path = autodiff; sourceTree = BUILT_PRODUCTS_DIR; };
		074BBEC425EF6FA000B46237 /* main.cpp */ = {isa = PBXFileReference; lastKnownFileType = sourcecode.cpp.cpp; path = main.cpp; sourceTree = "<group>"; };
		7F018A6C2608D7CE009A0C5D /* MatrixTest.cpp */ = {isa = PBXFileReference; lastKnownFileType = sourcecode.cpp.cpp; path = MatrixTest.cpp; sourceTree = "<group>"; };
		7F018A6D2608D7CE009A0C5D /* MatrixTest.hpp */ = {isa = PBXFileReference; lastKnownFileType = sourcecode.cpp.h; path = MatrixTest.hpp; sourceTree = "<group>"; };
		7F1DA83325F10DA80020CC28 /* ToyDatas.cpp */ = {isa = PBXFileReference; lastKnownFileType = sourcecode.cpp.cpp; path = ToyDatas.cpp; sourceTree = "<group>"; };
		7F1DA83425F10DA80020CC28 /* ToyDatas.hpp */ = {isa = PBXFileReference; lastKnownFileType = sourcecode.cpp.h; path = ToyDatas.hpp; sourceTree = "<group>"; };
		7F3200B226107AC5003DD586 /* forward.cpp */ = {isa = PBXFileReference; lastKnownFileType = sourcecode.cpp.cpp; path = forward.cpp; sourceTree = "<group>"; };
		7F3200B326107AC5003DD586 /* forward.hpp */ = {isa = PBXFileReference; lastKnownFileType = sourcecode.cpp.h; path = forward.hpp; sourceTree = "<group>"; };
		7F3200B726107B00003DD586 /* forwardtest.cpp */ = {isa = PBXFileReference; lastKnownFileType = sourcecode.cpp.cpp; path = forwardtest.cpp; sourceTree = "<group>"; };
		7F3200B826107B00003DD586 /* forwardtest.hpp */ = {isa = PBXFileReference; lastKnownFileType = sourcecode.cpp.h; path = forwardtest.hpp; sourceTree = "<group>"; };
		7F92BDB1260D4271009D8BC0 /* TemplateUtils.h */ = {isa = PBXFileReference; lastKnownFileType = sourcecode.c.h; path = TemplateUtils.h; sourceTree = "<group>"; };
		7F92BDB4260D4309009D8BC0 /* TemplateTest.cpp */ = {isa = PBXFileReference; lastKnownFileType = sourcecode.cpp.cpp; path = TemplateTest.cpp; sourceTree = "<group>"; };
		7F92BDB5260D4309009D8BC0 /* TemplateTest.hpp */ = {isa = PBXFileReference; lastKnownFileType = sourcecode.cpp.h; path = TemplateTest.hpp; sourceTree = "<group>"; };
		7FEB41772607F871007458B9 /* tests */ = {isa = PBXFileReference; explicitFileType = "compiled.mach-o.executable"; includeInIndex = 0; path = tests; sourceTree = BUILT_PRODUCTS_DIR; };
		7FEB41792607F871007458B9 /* main.cpp */ = {isa = PBXFileReference; lastKnownFileType = sourcecode.cpp.cpp; path = main.cpp; sourceTree = "<group>"; };
		7FEB41812607F9A3007458B9 /* libgtest.a */ = {isa = PBXFileReference; lastKnownFileType = archive.ar; name = libgtest.a; path = 3rd_part/libgtest.a; sourceTree = "<group>"; };
/* End PBXFileReference section */

/* Begin PBXFrameworksBuildPhase section */
		074BBEBE25EF6FA000B46237 /* Frameworks */ = {
			isa = PBXFrameworksBuildPhase;
			buildActionMask = 2147483647;
			files = (
			);
			runOnlyForDeploymentPostprocessing = 0;
		};
		7FEB41742607F871007458B9 /* Frameworks */ = {
			isa = PBXFrameworksBuildPhase;
			buildActionMask = 2147483647;
			files = (
				7FEB41822607F9B3007458B9 /* libgtest.a in Frameworks */,
			);
			runOnlyForDeploymentPostprocessing = 0;
		};
/* End PBXFrameworksBuildPhase section */

/* Begin PBXGroup section */
		074BBEB825EF6FA000B46237 = {
			isa = PBXGroup;
			children = (
				074BBEC325EF6FA000B46237 /* autodiff */,
				7FEB41782607F871007458B9 /* tests */,
				074BBEC225EF6FA000B46237 /* Products */,
				7FEB41802607F9A3007458B9 /* Frameworks */,
			);
			sourceTree = "<group>";
		};
		074BBEC225EF6FA000B46237 /* Products */ = {
			isa = PBXGroup;
			children = (
				074BBEC125EF6FA000B46237 /* autodiff */,
				7FEB41772607F871007458B9 /* tests */,
			);
			name = Products;
			sourceTree = "<group>";
		};
		074BBEC325EF6FA000B46237 /* autodiff */ = {
			isa = PBXGroup;
			children = (
				074BBEC425EF6FA000B46237 /* main.cpp */,
				7F92BDB1260D4271009D8BC0 /* TemplateUtils.h */,
				7F1DA83425F10DA80020CC28 /* ToyDatas.hpp */,
				7F1DA83325F10DA80020CC28 /* ToyDatas.cpp */,
				7F3200B326107AC5003DD586 /* forward.hpp */,
				7F3200B226107AC5003DD586 /* forward.cpp */,
			);
			path = autodiff;
			sourceTree = "<group>";
		};
		7FEB41782607F871007458B9 /* tests */ = {
			isa = PBXGroup;
			children = (
				7FEB41792607F871007458B9 /* main.cpp */,
				7F018A6D2608D7CE009A0C5D /* MatrixTest.hpp */,
				7F018A6C2608D7CE009A0C5D /* MatrixTest.cpp */,
				7F92BDB5260D4309009D8BC0 /* TemplateTest.hpp */,
				7F92BDB4260D4309009D8BC0 /* TemplateTest.cpp */,
				7F3200B826107B00003DD586 /* forwardtest.hpp */,
				7F3200B726107B00003DD586 /* forwardtest.cpp */,
			);
			path = tests;
			sourceTree = "<group>";
		};
		7FEB41802607F9A3007458B9 /* Frameworks */ = {
			isa = PBXGroup;
			children = (
				7FEB41812607F9A3007458B9 /* libgtest.a */,
			);
			name = Frameworks;
			sourceTree = "<group>";
		};
/* End PBXGroup section */

/* Begin PBXNativeTarget section */
		074BBEC025EF6FA000B46237 /* autodiff */ = {
			isa = PBXNativeTarget;
			buildConfigurationList = 074BBEC825EF6FA000B46237 /* Build configuration list for PBXNativeTarget "autodiff" */;
			buildPhases = (
				074BBEBD25EF6FA000B46237 /* Sources */,
				074BBEBE25EF6FA000B46237 /* Frameworks */,
				074BBEBF25EF6FA000B46237 /* CopyFiles */,
			);
			buildRules = (
			);
			dependencies = (
			);
			name = autodiff;
			productName = autodiff;
			productReference = 074BBEC125EF6FA000B46237 /* autodiff */;
			productType = "com.apple.product-type.tool";
		};
		7FEB41762607F871007458B9 /* tests */ = {
			isa = PBXNativeTarget;
			buildConfigurationList = 7FEB417D2607F871007458B9 /* Build configuration list for PBXNativeTarget "tests" */;
			buildPhases = (
				7FEB41732607F871007458B9 /* Sources */,
				7FEB41742607F871007458B9 /* Frameworks */,
				7FEB41752607F871007458B9 /* CopyFiles */,
			);
			buildRules = (
			);
			dependencies = (
			);
			name = tests;
			productName = tests;
			productReference = 7FEB41772607F871007458B9 /* tests */;
			productType = "com.apple.product-type.tool";
		};
/* End PBXNativeTarget section */

/* Begin PBXProject section */
		074BBEB925EF6FA000B46237 /* Project object */ = {
			isa = PBXProject;
			attributes = {
				LastUpgradeCheck = 1210;
				TargetAttributes = {
					074BBEC025EF6FA000B46237 = {
						CreatedOnToolsVersion = 12.1;
					};
					7FEB41762607F871007458B9 = {
						CreatedOnToolsVersion = 12.4;
					};
				};
			};
			buildConfigurationList = 074BBEBC25EF6FA000B46237 /* Build configuration list for PBXProject "autodiff" */;
			compatibilityVersion = "Xcode 9.3";
			developmentRegion = en;
			hasScannedForEncodings = 0;
			knownRegions = (
				en,
				Base,
			);
			mainGroup = 074BBEB825EF6FA000B46237;
			productRefGroup = 074BBEC225EF6FA000B46237 /* Products */;
			projectDirPath = "";
			projectRoot = "";
			targets = (
				074BBEC025EF6FA000B46237 /* autodiff */,
				7FEB41762607F871007458B9 /* tests */,
			);
		};
/* End PBXProject section */

/* Begin PBXSourcesBuildPhase section */
		074BBEBD25EF6FA000B46237 /* Sources */ = {
			isa = PBXSourcesBuildPhase;
			buildActionMask = 2147483647;
			files = (
				7F3200B426107AC5003DD586 /* forward.cpp in Sources */,
				7F1DA83525F10DA80020CC28 /* ToyDatas.cpp in Sources */,
				074BBEC525EF6FA000B46237 /* main.cpp in Sources */,
			);
			runOnlyForDeploymentPostprocessing = 0;
		};
		7FEB41732607F871007458B9 /* Sources */ = {
			isa = PBXSourcesBuildPhase;
			buildActionMask = 2147483647;
			files = (
				7F92BDB6260D4309009D8BC0 /* TemplateTest.cpp in Sources */,
				7F3200B926107B00003DD586 /* forwardtest.cpp in Sources */,
				7F018A6E2608D7CE009A0C5D /* MatrixTest.cpp in Sources */,
				7FEB417A2607F871007458B9 /* main.cpp in Sources */,
			);
			runOnlyForDeploymentPostprocessing = 0;
		};
/* End PBXSourcesBuildPhase section */

/* Begin XCBuildConfiguration section */
		074BBEC625EF6FA000B46237 /* Debug */ = {
			isa = XCBuildConfiguration;
			buildSettings = {
				ALWAYS_SEARCH_USER_PATHS = NO;
				CLANG_ANALYZER_NONNULL = YES;
				CLANG_ANALYZER_NUMBER_OBJECT_CONVERSION = YES_AGGRESSIVE;
				CLANG_CXX_LANGUAGE_STANDARD = "gnu++14";
				CLANG_CXX_LIBRARY = "libc++";
				CLANG_ENABLE_MODULES = YES;
				CLANG_ENABLE_OBJC_ARC = YES;
				CLANG_ENABLE_OBJC_WEAK = YES;
				CLANG_WARN_BLOCK_CAPTURE_AUTORELEASING = YES;
				CLANG_WARN_BOOL_CONVERSION = YES;
				CLANG_WARN_COMMA = YES;
				CLANG_WARN_CONSTANT_CONVERSION = YES;
				CLANG_WARN_DEPRECATED_OBJC_IMPLEMENTATIONS = YES;
				CLANG_WARN_DIRECT_OBJC_ISA_USAGE = YES_ERROR;
				CLANG_WARN_DOCUMENTATION_COMMENTS = YES;
				CLANG_WARN_EMPTY_BODY = YES;
				CLANG_WARN_ENUM_CONVERSION = YES;
				CLANG_WARN_INFINITE_RECURSION = YES;
				CLANG_WARN_INT_CONVERSION = YES;
				CLANG_WARN_NON_LITERAL_NULL_CONVERSION = YES;
				CLANG_WARN_OBJC_IMPLICIT_RETAIN_SELF = YES;
				CLANG_WARN_OBJC_LITERAL_CONVERSION = YES;
				CLANG_WARN_OBJC_ROOT_CLASS = YES_ERROR;
				CLANG_WARN_QUOTED_INCLUDE_IN_FRAMEWORK_HEADER = YES;
				CLANG_WARN_RANGE_LOOP_ANALYSIS = YES;
				CLANG_WARN_STRICT_PROTOTYPES = YES;
				CLANG_WARN_SUSPICIOUS_MOVE = YES;
				CLANG_WARN_UNGUARDED_AVAILABILITY = YES_AGGRESSIVE;
				CLANG_WARN_UNREACHABLE_CODE = YES;
				CLANG_WARN__DUPLICATE_METHOD_MATCH = YES;
				COPY_PHASE_STRIP = NO;
				DEBUG_INFORMATION_FORMAT = dwarf;
				ENABLE_STRICT_OBJC_MSGSEND = YES;
				ENABLE_TESTABILITY = YES;
				GCC_C_LANGUAGE_STANDARD = gnu11;
				GCC_DYNAMIC_NO_PIC = NO;
				GCC_NO_COMMON_BLOCKS = YES;
				GCC_OPTIMIZATION_LEVEL = 0;
				GCC_PREPROCESSOR_DEFINITIONS = (
					"DEBUG=1",
					"$(inherited)",
				);
				GCC_WARN_64_TO_32_BIT_CONVERSION = YES;
				GCC_WARN_ABOUT_RETURN_TYPE = YES_ERROR;
				GCC_WARN_UNDECLARED_SELECTOR = YES;
				GCC_WARN_UNINITIALIZED_AUTOS = YES_AGGRESSIVE;
				GCC_WARN_UNUSED_FUNCTION = YES;
				GCC_WARN_UNUSED_VARIABLE = YES;
				MACOSX_DEPLOYMENT_TARGET = 10.15;
				MTL_ENABLE_DEBUG_INFO = INCLUDE_SOURCE;
				MTL_FAST_MATH = YES;
				ONLY_ACTIVE_ARCH = YES;
				SDKROOT = macosx;
			};
			name = Debug;
		};
		074BBEC725EF6FA000B46237 /* Release */ = {
			isa = XCBuildConfiguration;
			buildSettings = {
				ALWAYS_SEARCH_USER_PATHS = NO;
				CLANG_ANALYZER_NONNULL = YES;
				CLANG_ANALYZER_NUMBER_OBJECT_CONVERSION = YES_AGGRESSIVE;
				CLANG_CXX_LANGUAGE_STANDARD = "gnu++14";
				CLANG_CXX_LIBRARY = "libc++";
				CLANG_ENABLE_MODULES = YES;
				CLANG_ENABLE_OBJC_ARC = YES;
				CLANG_ENABLE_OBJC_WEAK = YES;
				CLANG_WARN_BLOCK_CAPTURE_AUTORELEASING = YES;
				CLANG_WARN_BOOL_CONVERSION = YES;
				CLANG_WARN_COMMA = YES;
				CLANG_WARN_CONSTANT_CONVERSION = YES;
				CLANG_WARN_DEPRECATED_OBJC_IMPLEMENTATIONS = YES;
				CLANG_WARN_DIRECT_OBJC_ISA_USAGE = YES_ERROR;
				CLANG_WARN_DOCUMENTATION_COMMENTS = YES;
				CLANG_WARN_EMPTY_BODY = YES;
				CLANG_WARN_ENUM_CONVERSION = YES;
				CLANG_WARN_INFINITE_RECURSION = YES;
				CLANG_WARN_INT_CONVERSION = YES;
				CLANG_WARN_NON_LITERAL_NULL_CONVERSION = YES;
				CLANG_WARN_OBJC_IMPLICIT_RETAIN_SELF = YES;
				CLANG_WARN_OBJC_LITERAL_CONVERSION = YES;
				CLANG_WARN_OBJC_ROOT_CLASS = YES_ERROR;
				CLANG_WARN_QUOTED_INCLUDE_IN_FRAMEWORK_HEADER = YES;
				CLANG_WARN_RANGE_LOOP_ANALYSIS = YES;
				CLANG_WARN_STRICT_PROTOTYPES = YES;
				CLANG_WARN_SUSPICIOUS_MOVE = YES;
				CLANG_WARN_UNGUARDED_AVAILABILITY = YES_AGGRESSIVE;
				CLANG_WARN_UNREACHABLE_CODE = YES;
				CLANG_WARN__DUPLICATE_METHOD_MATCH = YES;
				COPY_PHASE_STRIP = NO;
				DEBUG_INFORMATION_FORMAT = "dwarf-with-dsym";
				ENABLE_NS_ASSERTIONS = NO;
				ENABLE_STRICT_OBJC_MSGSEND = YES;
				GCC_C_LANGUAGE_STANDARD = gnu11;
				GCC_NO_COMMON_BLOCKS = YES;
				GCC_WARN_64_TO_32_BIT_CONVERSION = YES;
				GCC_WARN_ABOUT_RETURN_TYPE = YES_ERROR;
				GCC_WARN_UNDECLARED_SELECTOR = YES;
				GCC_WARN_UNINITIALIZED_AUTOS = YES_AGGRESSIVE;
				GCC_WARN_UNUSED_FUNCTION = YES;
				GCC_WARN_UNUSED_VARIABLE = YES;
				MACOSX_DEPLOYMENT_TARGET = 10.15;
				MTL_ENABLE_DEBUG_INFO = NO;
				MTL_FAST_MATH = YES;
				SDKROOT = macosx;
			};
			name = Release;
		};
		074BBEC925EF6FA000B46237 /* Debug */ = {
			isa = XCBuildConfiguration;
			buildSettings = {
				CODE_SIGN_IDENTITY = "-";
				CODE_SIGN_STYLE = Manual;
				DEVELOPMENT_TEAM = "";
				ENABLE_HARDENED_RUNTIME = YES;
				HEADER_SEARCH_PATHS = "$(PROJECT_DIR)/3rd_part";
				PRODUCT_NAME = "$(TARGET_NAME)";
				PROVISIONING_PROFILE_SPECIFIER = "";
			};
			name = Debug;
		};
		074BBECA25EF6FA000B46237 /* Release */ = {
			isa = XCBuildConfiguration;
			buildSettings = {
				CODE_SIGN_IDENTITY = "-";
				CODE_SIGN_STYLE = Manual;
				DEVELOPMENT_TEAM = "";
				ENABLE_HARDENED_RUNTIME = YES;
				HEADER_SEARCH_PATHS = "$(PROJECT_DIR)/3rd_part";
				PRODUCT_NAME = "$(TARGET_NAME)";
				PROVISIONING_PROFILE_SPECIFIER = "";
			};
			name = Release;
		};
		7FEB417B2607F871007458B9 /* Debug */ = {
			isa = XCBuildConfiguration;
			buildSettings = {
				CODE_SIGN_STYLE = Automatic;
				HEADER_SEARCH_PATHS = "$(PROJECT_DIR)/3rd_part";
				LIBRARY_SEARCH_PATHS = (
					"$(inherited)",
					"$(PROJECT_DIR)/3rd_part",
				);
				PRODUCT_NAME = "$(TARGET_NAME)";
			};
			name = Debug;
		};
		7FEB417C2607F871007458B9 /* Release */ = {
			isa = XCBuildConfiguration;
			buildSettings = {
				CODE_SIGN_STYLE = Automatic;
				HEADER_SEARCH_PATHS = "$(PROJECT_DIR)/3rd_part";
				LIBRARY_SEARCH_PATHS = (
					"$(inherited)",
					"$(PROJECT_DIR)/3rd_part",
				);
				PRODUCT_NAME = "$(TARGET_NAME)";
			};
			name = Release;
		};
/* End XCBuildConfiguration section */

/* Begin XCConfigurationList section */
		074BBEBC25EF6FA000B46237 /* Build configuration list for PBXProject "autodiff" */ = {
			isa = XCConfigurationList;
			buildConfigurations = (
				074BBEC625EF6FA000B46237 /* Debug */,
				074BBEC725EF6FA000B46237 /* Release */,
			);
			defaultConfigurationIsVisible = 0;
			defaultConfigurationName = Release;
		};
		074BBEC825EF6FA000B46237 /* Build configuration list for PBXNativeTarget "autodiff" */ = {
			isa = XCConfigurationList;
			buildConfigurations = (
				074BBEC925EF6FA000B46237 /* Debug */,
				074BBECA25EF6FA000B46237 /* Release */,
			);
			defaultConfigurationIsVisible = 0;
			defaultConfigurationName = Release;
		};
		7FEB417D2607F871007458B9 /* Build configuration list for PBXNativeTarget "tests" */ = {
			isa = XCConfigurationList;
			buildConfigurations = (
				7FEB417B2607F871007458B9 /* Debug */,
				7FEB417C2607F871007458B9 /* Release */,
			);
			defaultConfigurationIsVisible = 0;
			defaultConfigurationName = Release;
		};
/* End XCConfigurationList section */
	};
	rootObject = 074BBEB925EF6FA000B46237 /* Project object */;
}
